// !$*UTF8*$!
{
	archiveVersion = 1;
	classes = {
	};
	objectVersion = 56;
	objects = {

/* Begin PBXBuildFile section */
		16CE098C2C2800D1009C9114 /* AppDelegate.m in Sources */ = {isa = PBXBuildFile; fileRef = 16CE098B2C2800D1009C9114 /* AppDelegate.m */; };
		16CE09922C2800D1009C9114 /* ViewController.m in Sources */ = {isa = PBXBuildFile; fileRef = 16CE09912C2800D1009C9114 /* ViewController.m */; };
		16CE09952C2800D1009C9114 /* Base in Resources */ = {isa = PBXBuildFile; fileRef = 16CE09942C2800D1009C9114 /* Base */; };
		16CE09972C2800D2009C9114 /* Assets.xcassets in Resources */ = {isa = PBXBuildFile; fileRef = 16CE09962C2800D2009C9114 /* Assets.xcassets */; };
		16CE099D2C2800D2009C9114 /* main.m in Sources */ = {isa = PBXBuildFile; fileRef = 16CE099C2C2800D2009C9114 /* main.m */; };
		16CE09A72C2800D2009C9114 /* DXPNetWorkingManagerLibTests.m in Sources */ = {isa = PBXBuildFile; fileRef = 16CE09A62C2800D2009C9114 /* DXPNetWorkingManagerLibTests.m */; };
		16CE09B12C2800D2009C9114 /* DXPNetWorkingManagerLibUITests.m in Sources */ = {isa = PBXBuildFile; fileRef = 16CE09B02C2800D2009C9114 /* DXPNetWorkingManagerLibUITests.m */; };
		16CE09B32C2800D2009C9114 /* DXPNetWorkingManagerLibUITestsLaunchTests.m in Sources */ = {isa = PBXBuildFile; fileRef = 16CE09B22C2800D2009C9114 /* DXPNetWorkingManagerLibUITestsLaunchTests.m */; };
		16CE09C22C28026B009C9114 /* DCNetAPIClient.m in Sources */ = {isa = PBXBuildFile; fileRef = 16CE09C12C28026B009C9114 /* DCNetAPIClient.m */; };
		16CE09CA2C2805BC009C9114 /* NSObject+ObjectMap_Net.m in Sources */ = {isa = PBXBuildFile; fileRef = 16CE09C52C2805BC009C9114 /* NSObject+ObjectMap_Net.m */; };
		16CE09CB2C2805BC009C9114 /* NSString+Additions_Net.m in Sources */ = {isa = PBXBuildFile; fileRef = 16CE09C62C2805BC009C9114 /* NSString+Additions_Net.m */; };
		16CE09CC2C2805BC009C9114 /* SecurityUtil_Net.m in Sources */ = {isa = PBXBuildFile; fileRef = 16CE09C82C2805BC009C9114 /* SecurityUtil_Net.m */; };
		16CE09CF2C280957009C9114 /* FlowNetAPIClient.m in Sources */ = {isa = PBXBuildFile; fileRef = 16CE09CD2C280957009C9114 /* FlowNetAPIClient.m */; };
		16CE09D32C280A7F009C9114 /* DXPNetAPIClient.m in Sources */ = {isa = PBXBuildFile; fileRef = 16CE09D22C280A7F009C9114 /* DXPNetAPIClient.m */; };
		70EE543CCC9EAEE653E6A180 /* libPods-DXPNetWorkingManagerLib.a in Frameworks */ = {isa = PBXBuildFile; fileRef = 13D115716D165CCB8ADE2E3E /* libPods-DXPNetWorkingManagerLib.a */; };
/* End PBXBuildFile section */

/* Begin PBXContainerItemProxy section */
		16CE09A32C2800D2009C9114 /* PBXContainerItemProxy */ = {
			isa = PBXContainerItemProxy;
			containerPortal = 16CE097F2C2800D1009C9114 /* Project object */;
			proxyType = 1;
			remoteGlobalIDString = 16CE09862C2800D1009C9114;
			remoteInfo = DXPNetWorkingManagerLib;
		};
		16CE09AD2C2800D2009C9114 /* PBXContainerItemProxy */ = {
			isa = PBXContainerItemProxy;
			containerPortal = 16CE097F2C2800D1009C9114 /* Project object */;
			proxyType = 1;
			remoteGlobalIDString = 16CE09862C2800D1009C9114;
			remoteInfo = DXPNetWorkingManagerLib;
		};
/* End PBXContainerItemProxy section */

/* Begin PBXFileReference section */
		13D115716D165CCB8ADE2E3E /* libPods-DXPNetWorkingManagerLib.a */ = {isa = PBXFileReference; explicitFileType = archive.ar; includeInIndex = 0; path = "libPods-DXPNetWorkingManagerLib.a"; sourceTree = BUILT_PRODUCTS_DIR; };
		16CE09872C2800D1009C9114 /* DXPNetWorkingManagerLib.app */ = {isa = PBXFileReference; explicitFileType = wrapper.application; includeInIndex = 0; path = DXPNetWorkingManagerLib.app; sourceTree = BUILT_PRODUCTS_DIR; };
		16CE098A2C2800D1009C9114 /* AppDelegate.h */ = {isa = PBXFileReference; lastKnownFileType = sourcecode.c.h; path = AppDelegate.h; sourceTree = "<group>"; };
		16CE098B2C2800D1009C9114 /* AppDelegate.m */ = {isa = PBXFileReference; lastKnownFileType = sourcecode.c.objc; path = AppDelegate.m; sourceTree = "<group>"; };
		16CE09902C2800D1009C9114 /* ViewController.h */ = {isa = PBXFileReference; lastKnownFileType = sourcecode.c.h; path = ViewController.h; sourceTree = "<group>"; };
		16CE09912C2800D1009C9114 /* ViewController.m */ = {isa = PBXFileReference; lastKnownFileType = sourcecode.c.objc; path = ViewController.m; sourceTree = "<group>"; };
		16CE09942C2800D1009C9114 /* Base */ = {isa = PBXFileReference; lastKnownFileType = file.storyboard; name = Base; path = Base.lproj/Main.storyboard; sourceTree = "<group>"; };
		16CE09962C2800D2009C9114 /* Assets.xcassets */ = {isa = PBXFileReference; lastKnownFileType = folder.assetcatalog; path = Assets.xcassets; sourceTree = "<group>"; };
		16CE099B2C2800D2009C9114 /* Info.plist */ = {isa = PBXFileReference; lastKnownFileType = text.plist.xml; path = Info.plist; sourceTree = "<group>"; };
		16CE099C2C2800D2009C9114 /* main.m */ = {isa = PBXFileReference; lastKnownFileType = sourcecode.c.objc; path = main.m; sourceTree = "<group>"; };
		16CE09A22C2800D2009C9114 /* DXPNetWorkingManagerLibTests.xctest */ = {isa = PBXFileReference; explicitFileType = wrapper.cfbundle; includeInIndex = 0; path = DXPNetWorkingManagerLibTests.xctest; sourceTree = BUILT_PRODUCTS_DIR; };
		16CE09A62C2800D2009C9114 /* DXPNetWorkingManagerLibTests.m */ = {isa = PBXFileReference; lastKnownFileType = sourcecode.c.objc; path = DXPNetWorkingManagerLibTests.m; sourceTree = "<group>"; };
		16CE09AC2C2800D2009C9114 /* DXPNetWorkingManagerLibUITests.xctest */ = {isa = PBXFileReference; explicitFileType = wrapper.cfbundle; includeInIndex = 0; path = DXPNetWorkingManagerLibUITests.xctest; sourceTree = BUILT_PRODUCTS_DIR; };
		16CE09B02C2800D2009C9114 /* DXPNetWorkingManagerLibUITests.m */ = {isa = PBXFileReference; lastKnownFileType = sourcecode.c.objc; path = DXPNetWorkingManagerLibUITests.m; sourceTree = "<group>"; };
		16CE09B22C2800D2009C9114 /* DXPNetWorkingManagerLibUITestsLaunchTests.m */ = {isa = PBXFileReference; lastKnownFileType = sourcecode.c.objc; path = DXPNetWorkingManagerLibUITestsLaunchTests.m; sourceTree = "<group>"; };
		16CE09C02C28026B009C9114 /* DCNetAPIClient.h */ = {isa = PBXFileReference; fileEncoding = 4; lastKnownFileType = sourcecode.c.h; path = DCNetAPIClient.h; sourceTree = "<group>"; };
		16CE09C12C28026B009C9114 /* DCNetAPIClient.m */ = {isa = PBXFileReference; fileEncoding = 4; lastKnownFileType = sourcecode.c.objc; path = DCNetAPIClient.m; sourceTree = "<group>"; };
		16CE09C32C28057B009C9114 /* DCNetworkHeader.h */ = {isa = PBXFileReference; fileEncoding = 4; lastKnownFileType = sourcecode.c.h; path = DCNetworkHeader.h; sourceTree = "<group>"; };
		16CE09C42C2805BC009C9114 /* NSObject+ObjectMap_Net.h */ = {isa = PBXFileReference; fileEncoding = 4; lastKnownFileType = sourcecode.c.h; path = "NSObject+ObjectMap_Net.h"; sourceTree = "<group>"; };
		16CE09C52C2805BC009C9114 /* NSObject+ObjectMap_Net.m */ = {isa = PBXFileReference; fileEncoding = 4; lastKnownFileType = sourcecode.c.objc; path = "NSObject+ObjectMap_Net.m"; sourceTree = "<group>"; };
		16CE09C62C2805BC009C9114 /* NSString+Additions_Net.m */ = {isa = PBXFileReference; fileEncoding = 4; lastKnownFileType = sourcecode.c.objc; path = "NSString+Additions_Net.m"; sourceTree = "<group>"; };
		16CE09C72C2805BC009C9114 /* SecurityUtil_Net.h */ = {isa = PBXFileReference; fileEncoding = 4; lastKnownFileType = sourcecode.c.h; path = SecurityUtil_Net.h; sourceTree = "<group>"; };
		16CE09C82C2805BC009C9114 /* SecurityUtil_Net.m */ = {isa = PBXFileReference; fileEncoding = 4; lastKnownFileType = sourcecode.c.objc; path = SecurityUtil_Net.m; sourceTree = "<group>"; };
		16CE09C92C2805BC009C9114 /* NSString+Additions_Net.h */ = {isa = PBXFileReference; fileEncoding = 4; lastKnownFileType = sourcecode.c.h; path = "NSString+Additions_Net.h"; sourceTree = "<group>"; };
		16CE09CD2C280957009C9114 /* FlowNetAPIClient.m */ = {isa = PBXFileReference; fileEncoding = 4; lastKnownFileType = sourcecode.c.objc; path = FlowNetAPIClient.m; sourceTree = "<group>"; };
		16CE09CE2C280957009C9114 /* FlowNetAPIClient.h */ = {isa = PBXFileReference; fileEncoding = 4; lastKnownFileType = sourcecode.c.h; path = FlowNetAPIClient.h; sourceTree = "<group>"; };
		16CE09D12C280A7F009C9114 /* DXPNetAPIClient.h */ = {isa = PBXFileReference; lastKnownFileType = sourcecode.c.h; path = DXPNetAPIClient.h; sourceTree = "<group>"; };
		16CE09D22C280A7F009C9114 /* DXPNetAPIClient.m */ = {isa = PBXFileReference; lastKnownFileType = sourcecode.c.objc; path = DXPNetAPIClient.m; sourceTree = "<group>"; };
		AE5DBAB9B22E9F6BD9FA4176 /* Pods-DXPNetWorkingManagerLib.debug.xcconfig */ = {isa = PBXFileReference; includeInIndex = 1; lastKnownFileType = text.xcconfig; name = "Pods-DXPNetWorkingManagerLib.debug.xcconfig"; path = "Target Support Files/Pods-DXPNetWorkingManagerLib/Pods-DXPNetWorkingManagerLib.debug.xcconfig"; sourceTree = "<group>"; };
		B7472CFF4212AF970108530C /* Pods-DXPNetWorkingManagerLib.release.xcconfig */ = {isa = PBXFileReference; includeInIndex = 1; lastKnownFileType = text.xcconfig; name = "Pods-DXPNetWorkingManagerLib.release.xcconfig"; path = "Target Support Files/Pods-DXPNetWorkingManagerLib/Pods-DXPNetWorkingManagerLib.release.xcconfig"; sourceTree = "<group>"; };
/* End PBXFileReference section */

/* Begin PBXFrameworksBuildPhase section */
		16CE09842C2800D1009C9114 /* Frameworks */ = {
			isa = PBXFrameworksBuildPhase;
			buildActionMask = 2147483647;
			files = (
				70EE543CCC9EAEE653E6A180 /* libPods-DXPNetWorkingManagerLib.a in Frameworks */,
			);
			runOnlyForDeploymentPostprocessing = 0;
		};
		16CE099F2C2800D2009C9114 /* Frameworks */ = {
			isa = PBXFrameworksBuildPhase;
			buildActionMask = 2147483647;
			files = (
			);
			runOnlyForDeploymentPostprocessing = 0;
		};
		16CE09A92C2800D2009C9114 /* Frameworks */ = {
			isa = PBXFrameworksBuildPhase;
			buildActionMask = 2147483647;
			files = (
			);
			runOnlyForDeploymentPostprocessing = 0;
		};
/* End PBXFrameworksBuildPhase section */

/* Begin PBXGroup section */
		16CE097E2C2800D1009C9114 = {
			isa = PBXGroup;
			children = (
				16CE09892C2800D1009C9114 /* DXPNetWorkingManagerLib */,
				16CE09A52C2800D2009C9114 /* DXPNetWorkingManagerLibTests */,
				16CE09AF2C2800D2009C9114 /* DXPNetWorkingManagerLibUITests */,
				16CE09882C2800D1009C9114 /* Products */,
				F64779EE143DD9BE1C4D5747 /* Pods */,
				DF77434EBE5098DAF78C87C9 /* Frameworks */,
			);
			sourceTree = "<group>";
		};
		16CE09882C2800D1009C9114 /* Products */ = {
			isa = PBXGroup;
			children = (
				16CE09872C2800D1009C9114 /* DXPNetWorkingManagerLib.app */,
				16CE09A22C2800D2009C9114 /* DXPNetWorkingManagerLibTests.xctest */,
				16CE09AC2C2800D2009C9114 /* DXPNetWorkingManagerLibUITests.xctest */,
			);
			name = Products;
			sourceTree = "<group>";
		};
		16CE09892C2800D1009C9114 /* DXPNetWorkingManagerLib */ = {
			isa = PBXGroup;
			children = (
				16CE09D02C280A63009C9114 /* DXPNetAPIClient */,
				16CE09BF2C28023A009C9114 /* DCNetAPIClient */,
				16CE098A2C2800D1009C9114 /* AppDelegate.h */,
				16CE098B2C2800D1009C9114 /* AppDelegate.m */,
				16CE09902C2800D1009C9114 /* ViewController.h */,
				16CE09912C2800D1009C9114 /* ViewController.m */,
				16CE09932C2800D1009C9114 /* Main.storyboard */,
				16CE09962C2800D2009C9114 /* Assets.xcassets */,
				16CE099B2C2800D2009C9114 /* Info.plist */,
				16CE099C2C2800D2009C9114 /* main.m */,
			);
			path = DXPNetWorkingManagerLib;
			sourceTree = "<group>";
		};
		16CE09A52C2800D2009C9114 /* DXPNetWorkingManagerLibTests */ = {
			isa = PBXGroup;
			children = (
				16CE09A62C2800D2009C9114 /* DXPNetWorkingManagerLibTests.m */,
			);
			path = DXPNetWorkingManagerLibTests;
			sourceTree = "<group>";
		};
		16CE09AF2C2800D2009C9114 /* DXPNetWorkingManagerLibUITests */ = {
			isa = PBXGroup;
			children = (
				16CE09B02C2800D2009C9114 /* DXPNetWorkingManagerLibUITests.m */,
				16CE09B22C2800D2009C9114 /* DXPNetWorkingManagerLibUITestsLaunchTests.m */,
			);
			path = DXPNetWorkingManagerLibUITests;
			sourceTree = "<group>";
		};
		16CE09BF2C28023A009C9114 /* DCNetAPIClient */ = {
			isa = PBXGroup;
			children = (
				16CE09CE2C280957009C9114 /* FlowNetAPIClient.h */,
				16CE09CD2C280957009C9114 /* FlowNetAPIClient.m */,
				16CE09C42C2805BC009C9114 /* NSObject+ObjectMap_Net.h */,
				16CE09C52C2805BC009C9114 /* NSObject+ObjectMap_Net.m */,
				16CE09C92C2805BC009C9114 /* NSString+Additions_Net.h */,
				16CE09C62C2805BC009C9114 /* NSString+Additions_Net.m */,
				16CE09C72C2805BC009C9114 /* SecurityUtil_Net.h */,
				16CE09C82C2805BC009C9114 /* SecurityUtil_Net.m */,
				16CE09C32C28057B009C9114 /* DCNetworkHeader.h */,
				16CE09C02C28026B009C9114 /* DCNetAPIClient.h */,
				16CE09C12C28026B009C9114 /* DCNetAPIClient.m */,
			);
			path = DCNetAPIClient;
			sourceTree = "<group>";
		};
		16CE09D02C280A63009C9114 /* DXPNetAPIClient */ = {
			isa = PBXGroup;
			children = (
				16CE09D12C280A7F009C9114 /* DXPNetAPIClient.h */,
				16CE09D22C280A7F009C9114 /* DXPNetAPIClient.m */,
			);
			path = DXPNetAPIClient;
			sourceTree = "<group>";
		};
		DF77434EBE5098DAF78C87C9 /* Frameworks */ = {
			isa = PBXGroup;
			children = (
				13D115716D165CCB8ADE2E3E /* libPods-DXPNetWorkingManagerLib.a */,
			);
			name = Frameworks;
			sourceTree = "<group>";
		};
		F64779EE143DD9BE1C4D5747 /* Pods */ = {
			isa = PBXGroup;
			children = (
				AE5DBAB9B22E9F6BD9FA4176 /* Pods-DXPNetWorkingManagerLib.debug.xcconfig */,
				B7472CFF4212AF970108530C /* Pods-DXPNetWorkingManagerLib.release.xcconfig */,
			);
			path = Pods;
			sourceTree = "<group>";
		};
/* End PBXGroup section */

/* Begin PBXNativeTarget section */
		16CE09862C2800D1009C9114 /* DXPNetWorkingManagerLib */ = {
			isa = PBXNativeTarget;
			buildConfigurationList = 16CE09B62C2800D2009C9114 /* Build configuration list for PBXNativeTarget "DXPNetWorkingManagerLib" */;
			buildPhases = (
				8B9C5D93DAAF352244492BB2 /* [CP] Check Pods Manifest.lock */,
				16CE09832C2800D1009C9114 /* Sources */,
				16CE09842C2800D1009C9114 /* Frameworks */,
				16CE09852C2800D1009C9114 /* Resources */,
				5C2585F6231923293E513AF9 /* [CP] Copy Pods Resources */,
			);
			buildRules = (
			);
			dependencies = (
			);
			name = DXPNetWorkingManagerLib;
			productName = DXPNetWorkingManagerLib;
			productReference = 16CE09872C2800D1009C9114 /* DXPNetWorkingManagerLib.app */;
			productType = "com.apple.product-type.application";
		};
		16CE09A12C2800D2009C9114 /* DXPNetWorkingManagerLibTests */ = {
			isa = PBXNativeTarget;
			buildConfigurationList = 16CE09B92C2800D2009C9114 /* Build configuration list for PBXNativeTarget "DXPNetWorkingManagerLibTests" */;
			buildPhases = (
				16CE099E2C2800D2009C9114 /* Sources */,
				16CE099F2C2800D2009C9114 /* Frameworks */,
				16CE09A02C2800D2009C9114 /* Resources */,
			);
			buildRules = (
			);
			dependencies = (
				16CE09A42C2800D2009C9114 /* PBXTargetDependency */,
			);
			name = DXPNetWorkingManagerLibTests;
			productName = DXPNetWorkingManagerLibTests;
			productReference = 16CE09A22C2800D2009C9114 /* DXPNetWorkingManagerLibTests.xctest */;
			productType = "com.apple.product-type.bundle.unit-test";
		};
		16CE09AB2C2800D2009C9114 /* DXPNetWorkingManagerLibUITests */ = {
			isa = PBXNativeTarget;
			buildConfigurationList = 16CE09BC2C2800D2009C9114 /* Build configuration list for PBXNativeTarget "DXPNetWorkingManagerLibUITests" */;
			buildPhases = (
				16CE09A82C2800D2009C9114 /* Sources */,
				16CE09A92C2800D2009C9114 /* Frameworks */,
				16CE09AA2C2800D2009C9114 /* Resources */,
			);
			buildRules = (
			);
			dependencies = (
				16CE09AE2C2800D2009C9114 /* PBXTargetDependency */,
			);
			name = DXPNetWorkingManagerLibUITests;
			productName = DXPNetWorkingManagerLibUITests;
			productReference = 16CE09AC2C2800D2009C9114 /* DXPNetWorkingManagerLibUITests.xctest */;
			productType = "com.apple.product-type.bundle.ui-testing";
		};
/* End PBXNativeTarget section */

/* Begin PBXProject section */
		16CE097F2C2800D1009C9114 /* Project object */ = {
			isa = PBXProject;
			attributes = {
				BuildIndependentTargetsInParallel = 1;
				LastUpgradeCheck = 1530;
				TargetAttributes = {
					16CE09862C2800D1009C9114 = {
						CreatedOnToolsVersion = 15.3;
					};
					16CE09A12C2800D2009C9114 = {
						CreatedOnToolsVersion = 15.3;
						TestTargetID = 16CE09862C2800D1009C9114;
					};
					16CE09AB2C2800D2009C9114 = {
						CreatedOnToolsVersion = 15.3;
						TestTargetID = 16CE09862C2800D1009C9114;
					};
				};
			};
			buildConfigurationList = 16CE09822C2800D1009C9114 /* Build configuration list for PBXProject "DXPNetWorkingManagerLib" */;
			compatibilityVersion = "Xcode 14.0";
			developmentRegion = en;
			hasScannedForEncodings = 0;
			knownRegions = (
				en,
				Base,
			);
			mainGroup = 16CE097E2C2800D1009C9114;
			productRefGroup = 16CE09882C2800D1009C9114 /* Products */;
			projectDirPath = "";
			projectRoot = "";
			targets = (
				16CE09862C2800D1009C9114 /* DXPNetWorkingManagerLib */,
				16CE09A12C2800D2009C9114 /* DXPNetWorkingManagerLibTests */,
				16CE09AB2C2800D2009C9114 /* DXPNetWorkingManagerLibUITests */,
			);
		};
/* End PBXProject section */

/* Begin PBXResourcesBuildPhase section */
		16CE09852C2800D1009C9114 /* Resources */ = {
			isa = PBXResourcesBuildPhase;
			buildActionMask = 2147483647;
			files = (
				16CE09972C2800D2009C9114 /* Assets.xcassets in Resources */,
				16CE09952C2800D1009C9114 /* Base in Resources */,
			);
			runOnlyForDeploymentPostprocessing = 0;
		};
		16CE09A02C2800D2009C9114 /* Resources */ = {
			isa = PBXResourcesBuildPhase;
			buildActionMask = 2147483647;
			files = (
			);
			runOnlyForDeploymentPostprocessing = 0;
		};
		16CE09AA2C2800D2009C9114 /* Resources */ = {
			isa = PBXResourcesBuildPhase;
			buildActionMask = 2147483647;
			files = (
			);
			runOnlyForDeploymentPostprocessing = 0;
		};
/* End PBXResourcesBuildPhase section */

/* Begin PBXShellScriptBuildPhase section */
		5C2585F6231923293E513AF9 /* [CP] Copy Pods Resources */ = {
			isa = PBXShellScriptBuildPhase;
			buildActionMask = 2147483647;
			files = (
			);
			inputFileListPaths = (
			);
			name = "[CP] Copy Pods Resources";
			outputFileListPaths = (
			);
			runOnlyForDeploymentPostprocessing = 0;
			shellPath = /bin/sh;
			shellScript = "\"${PODS_ROOT}/Target Support Files/Pods-DXPNetWorkingManagerLib/Pods-DXPNetWorkingManagerLib-resources.sh\"\n";
			showEnvVarsInLog = 0;
		};
		8B9C5D93DAAF352244492BB2 /* [CP] Check Pods Manifest.lock */ = {
			isa = PBXShellScriptBuildPhase;
			buildActionMask = 2147483647;
			files = (
			);
			inputFileListPaths = (
			);
			inputPaths = (
				"${PODS_PODFILE_DIR_PATH}/Podfile.lock",
				"${PODS_ROOT}/Manifest.lock",
			);
			name = "[CP] Check Pods Manifest.lock";
			outputFileListPaths = (
			);
			outputPaths = (
				"$(DERIVED_FILE_DIR)/Pods-DXPNetWorkingManagerLib-checkManifestLockResult.txt",
			);
			runOnlyForDeploymentPostprocessing = 0;
			shellPath = /bin/sh;
			shellScript = "diff \"${PODS_PODFILE_DIR_PATH}/Podfile.lock\" \"${PODS_ROOT}/Manifest.lock\" > /dev/null\nif [ $? != 0 ] ; then\n    # print error to STDERR\n    echo \"error: The sandbox is not in sync with the Podfile.lock. Run 'pod install' or update your CocoaPods installation.\" >&2\n    exit 1\nfi\n# This output is used by Xcode 'outputs' to avoid re-running this script phase.\necho \"SUCCESS\" > \"${SCRIPT_OUTPUT_FILE_0}\"\n";
			showEnvVarsInLog = 0;
		};
/* End PBXShellScriptBuildPhase section */

/* Begin PBXSourcesBuildPhase section */
		16CE09832C2800D1009C9114 /* Sources */ = {
			isa = PBXSourcesBuildPhase;
			buildActionMask = 2147483647;
			files = (
				16CE09D32C280A7F009C9114 /* DXPNetAPIClient.m in Sources */,
				16CE09CA2C2805BC009C9114 /* NSObject+ObjectMap_Net.m in Sources */,
				16CE09922C2800D1009C9114 /* ViewController.m in Sources */,
				16CE098C2C2800D1009C9114 /* AppDelegate.m in Sources */,
				16CE09CC2C2805BC009C9114 /* SecurityUtil_Net.m in Sources */,
				16CE09C22C28026B009C9114 /* DCNetAPIClient.m in Sources */,
				16CE09CF2C280957009C9114 /* FlowNetAPIClient.m in Sources */,
				16CE099D2C2800D2009C9114 /* main.m in Sources */,
				16CE09CB2C2805BC009C9114 /* NSString+Additions_Net.m in Sources */,
			);
			runOnlyForDeploymentPostprocessing = 0;
		};
		16CE099E2C2800D2009C9114 /* Sources */ = {
			isa = PBXSourcesBuildPhase;
			buildActionMask = 2147483647;
			files = (
				16CE09A72C2800D2009C9114 /* DXPNetWorkingManagerLibTests.m in Sources */,
			);
			runOnlyForDeploymentPostprocessing = 0;
		};
		16CE09A82C2800D2009C9114 /* Sources */ = {
			isa = PBXSourcesBuildPhase;
			buildActionMask = 2147483647;
			files = (
				16CE09B12C2800D2009C9114 /* DXPNetWorkingManagerLibUITests.m in Sources */,
				16CE09B32C2800D2009C9114 /* DXPNetWorkingManagerLibUITestsLaunchTests.m in Sources */,
			);
			runOnlyForDeploymentPostprocessing = 0;
		};
/* End PBXSourcesBuildPhase section */

/* Begin PBXTargetDependency section */
		16CE09A42C2800D2009C9114 /* PBXTargetDependency */ = {
			isa = PBXTargetDependency;
			target = 16CE09862C2800D1009C9114 /* DXPNetWorkingManagerLib */;
			targetProxy = 16CE09A32C2800D2009C9114 /* PBXContainerItemProxy */;
		};
		16CE09AE2C2800D2009C9114 /* PBXTargetDependency */ = {
			isa = PBXTargetDependency;
			target = 16CE09862C2800D1009C9114 /* DXPNetWorkingManagerLib */;
			targetProxy = 16CE09AD2C2800D2009C9114 /* PBXContainerItemProxy */;
		};
/* End PBXTargetDependency section */

/* Begin PBXVariantGroup section */
		16CE09932C2800D1009C9114 /* Main.storyboard */ = {
			isa = PBXVariantGroup;
			children = (
				16CE09942C2800D1009C9114 /* Base */,
			);
			name = Main.storyboard;
			sourceTree = "<group>";
		};
/* End PBXVariantGroup section */

/* Begin XCBuildConfiguration section */
		16CE09B42C2800D2009C9114 /* Debug */ = {
			isa = XCBuildConfiguration;
			buildSettings = {
				ALWAYS_SEARCH_USER_PATHS = NO;
				ASSETCATALOG_COMPILER_GENERATE_SWIFT_ASSET_SYMBOL_EXTENSIONS = YES;
				CLANG_ANALYZER_NONNULL = YES;
				CLANG_ANALYZER_NUMBER_OBJECT_CONVERSION = YES_AGGRESSIVE;
				CLANG_CXX_LANGUAGE_STANDARD = "gnu++20";
				CLANG_ENABLE_MODULES = YES;
				CLANG_ENABLE_OBJC_ARC = YES;
				CLANG_ENABLE_OBJC_WEAK = YES;
				CLANG_WARN_BLOCK_CAPTURE_AUTORELEASING = YES;
				CLANG_WARN_BOOL_CONVERSION = YES;
				CLANG_WARN_COMMA = YES;
				CLANG_WARN_CONSTANT_CONVERSION = YES;
				CLANG_WARN_DEPRECATED_OBJC_IMPLEMENTATIONS = YES;
				CLANG_WARN_DIRECT_OBJC_ISA_USAGE = YES_ERROR;
				CLANG_WARN_DOCUMENTATION_COMMENTS = YES;
				CLANG_WARN_EMPTY_BODY = YES;
				CLANG_WARN_ENUM_CONVERSION = YES;
				CLANG_WARN_INFINITE_RECURSION = YES;
				CLANG_WARN_INT_CONVERSION = YES;
				CLANG_WARN_NON_LITERAL_NULL_CONVERSION = YES;
				CLANG_WARN_OBJC_IMPLICIT_RETAIN_SELF = YES;
				CLANG_WARN_OBJC_LITERAL_CONVERSION = YES;
				CLANG_WARN_OBJC_ROOT_CLASS = YES_ERROR;
				CLANG_WARN_QUOTED_INCLUDE_IN_FRAMEWORK_HEADER = YES;
				CLANG_WARN_RANGE_LOOP_ANALYSIS = YES;
				CLANG_WARN_STRICT_PROTOTYPES = YES;
				CLANG_WARN_SUSPICIOUS_MOVE = YES;
				CLANG_WARN_UNGUARDED_AVAILABILITY = YES_AGGRESSIVE;
				CLANG_WARN_UNREACHABLE_CODE = YES;
				CLANG_WARN__DUPLICATE_METHOD_MATCH = YES;
				COPY_PHASE_STRIP = NO;
				DEBUG_INFORMATION_FORMAT = dwarf;
				ENABLE_STRICT_OBJC_MSGSEND = YES;
				ENABLE_TESTABILITY = YES;
				ENABLE_USER_SCRIPT_SANDBOXING = YES;
				GCC_C_LANGUAGE_STANDARD = gnu17;
				GCC_DYNAMIC_NO_PIC = NO;
				GCC_NO_COMMON_BLOCKS = YES;
				GCC_OPTIMIZATION_LEVEL = 0;
				GCC_PREPROCESSOR_DEFINITIONS = (
					"DEBUG=1",
					"$(inherited)",
				);
				GCC_WARN_64_TO_32_BIT_CONVERSION = YES;
				GCC_WARN_ABOUT_RETURN_TYPE = YES_ERROR;
				GCC_WARN_UNDECLARED_SELECTOR = YES;
				GCC_WARN_UNINITIALIZED_AUTOS = YES_AGGRESSIVE;
				GCC_WARN_UNUSED_FUNCTION = YES;
				GCC_WARN_UNUSED_VARIABLE = YES;
				IPHONEOS_DEPLOYMENT_TARGET = 17.4;
				LOCALIZATION_PREFERS_STRING_CATALOGS = YES;
				MTL_ENABLE_DEBUG_INFO = INCLUDE_SOURCE;
				MTL_FAST_MATH = YES;
				ONLY_ACTIVE_ARCH = YES;
				SDKROOT = iphoneos;
			};
			name = Debug;
		};
		16CE09B52C2800D2009C9114 /* Release */ = {
			isa = XCBuildConfiguration;
			buildSettings = {
				ALWAYS_SEARCH_USER_PATHS = NO;
				ASSETCATALOG_COMPILER_GENERATE_SWIFT_ASSET_SYMBOL_EXTENSIONS = YES;
				CLANG_ANALYZER_NONNULL = YES;
				CLANG_ANALYZER_NUMBER_OBJECT_CONVERSION = YES_AGGRESSIVE;
				CLANG_CXX_LANGUAGE_STANDARD = "gnu++20";
				CLANG_ENABLE_MODULES = YES;
				CLANG_ENABLE_OBJC_ARC = YES;
				CLANG_ENABLE_OBJC_WEAK = YES;
				CLANG_WARN_BLOCK_CAPTURE_AUTORELEASING = YES;
				CLANG_WARN_BOOL_CONVERSION = YES;
				CLANG_WARN_COMMA = YES;
				CLANG_WARN_CONSTANT_CONVERSION = YES;
				CLANG_WARN_DEPRECATED_OBJC_IMPLEMENTATIONS = YES;
				CLANG_WARN_DIRECT_OBJC_ISA_USAGE = YES_ERROR;
				CLANG_WARN_DOCUMENTATION_COMMENTS = YES;
				CLANG_WARN_EMPTY_BODY = YES;
				CLANG_WARN_ENUM_CONVERSION = YES;
				CLANG_WARN_INFINITE_RECURSION = YES;
				CLANG_WARN_INT_CONVERSION = YES;
				CLANG_WARN_NON_LITERAL_NULL_CONVERSION = YES;
				CLANG_WARN_OBJC_IMPLICIT_RETAIN_SELF = YES;
				CLANG_WARN_OBJC_LITERAL_CONVERSION = YES;
				CLANG_WARN_OBJC_ROOT_CLASS = YES_ERROR;
				CLANG_WARN_QUOTED_INCLUDE_IN_FRAMEWORK_HEADER = YES;
				CLANG_WARN_RANGE_LOOP_ANALYSIS = YES;
				CLANG_WARN_STRICT_PROTOTYPES = YES;
				CLANG_WARN_SUSPICIOUS_MOVE = YES;
				CLANG_WARN_UNGUARDED_AVAILABILITY = YES_AGGRESSIVE;
				CLANG_WARN_UNREACHABLE_CODE = YES;
				CLANG_WARN__DUPLICATE_METHOD_MATCH = YES;
				COPY_PHASE_STRIP = NO;
				DEBUG_INFORMATION_FORMAT = "dwarf-with-dsym";
				ENABLE_NS_ASSERTIONS = NO;
				ENABLE_STRICT_OBJC_MSGSEND = YES;
				ENABLE_USER_SCRIPT_SANDBOXING = YES;
				GCC_C_LANGUAGE_STANDARD = gnu17;
				GCC_NO_COMMON_BLOCKS = YES;
				GCC_WARN_64_TO_32_BIT_CONVERSION = YES;
				GCC_WARN_ABOUT_RETURN_TYPE = YES_ERROR;
				GCC_WARN_UNDECLARED_SELECTOR = YES;
				GCC_WARN_UNINITIALIZED_AUTOS = YES_AGGRESSIVE;
				GCC_WARN_UNUSED_FUNCTION = YES;
				GCC_WARN_UNUSED_VARIABLE = YES;
				IPHONEOS_DEPLOYMENT_TARGET = 17.4;
				LOCALIZATION_PREFERS_STRING_CATALOGS = YES;
				MTL_ENABLE_DEBUG_INFO = NO;
				MTL_FAST_MATH = YES;
				SDKROOT = iphoneos;
				VALIDATE_PRODUCT = YES;
			};
			name = Release;
		};
		16CE09B72C2800D2009C9114 /* Debug */ = {
			isa = XCBuildConfiguration;
			baseConfigurationReference = AE5DBAB9B22E9F6BD9FA4176 /* Pods-DXPNetWorkingManagerLib.debug.xcconfig */;
			buildSettings = {
				ASSETCATALOG_COMPILER_APPICON_NAME = AppIcon;
				ASSETCATALOG_COMPILER_GLOBAL_ACCENT_COLOR_NAME = AccentColor;
				CODE_SIGN_STYLE = Automatic;
				CURRENT_PROJECT_VERSION = 1;
				DEVELOPMENT_TEAM = J69T2LPPSN;
				ENABLE_USER_SCRIPT_SANDBOXING = NO;
				EXCLUDED_ARCHS = arm64;
				GENERATE_INFOPLIST_FILE = YES;
				INFOPLIST_FILE = DXPNetWorkingManagerLib/Info.plist;
				INFOPLIST_KEY_UIApplicationSupportsIndirectInputEvents = YES;
				INFOPLIST_KEY_UILaunchStoryboardName = LaunchScreen;
				INFOPLIST_KEY_UIMainStoryboardFile = Main;
				INFOPLIST_KEY_UISupportedInterfaceOrientations_iPad = "UIInterfaceOrientationPortrait UIInterfaceOrientationPortraitUpsideDown UIInterfaceOrientationLandscapeLeft UIInterfaceOrientationLandscapeRight";
				INFOPLIST_KEY_UISupportedInterfaceOrientations_iPhone = "UIInterfaceOrientationPortrait UIInterfaceOrientationLandscapeLeft UIInterfaceOrientationLandscapeRight";
				LD_RUNPATH_SEARCH_PATHS = (
					"$(inherited)",
					"@executable_path/Frameworks",
				);
				MARKETING_VERSION = 1.0;
				PRODUCT_BUNDLE_IDENTIFIER = com.superman.DXPNetWorkingManagerLib;
				PRODUCT_NAME = "$(TARGET_NAME)";
				SWIFT_EMIT_LOC_STRINGS = YES;
				TARGETED_DEVICE_FAMILY = "1,2";
			};
			name = Debug;
		};
		16CE09B82C2800D2009C9114 /* Release */ = {
			isa = XCBuildConfiguration;
			baseConfigurationReference = B7472CFF4212AF970108530C /* Pods-DXPNetWorkingManagerLib.release.xcconfig */;
			buildSettings = {
				ASSETCATALOG_COMPILER_APPICON_NAME = AppIcon;
				ASSETCATALOG_COMPILER_GLOBAL_ACCENT_COLOR_NAME = AccentColor;
				CODE_SIGN_STYLE = Automatic;
				CURRENT_PROJECT_VERSION = 1;
				DEVELOPMENT_TEAM = J69T2LPPSN;
				ENABLE_USER_SCRIPT_SANDBOXING = NO;
				EXCLUDED_ARCHS = arm64;
				GENERATE_INFOPLIST_FILE = YES;
				INFOPLIST_FILE = DXPNetWorkingManagerLib/Info.plist;
				INFOPLIST_KEY_UIApplicationSupportsIndirectInputEvents = YES;
				INFOPLIST_KEY_UILaunchStoryboardName = LaunchScreen;
				INFOPLIST_KEY_UIMainStoryboardFile = Main;
				INFOPLIST_KEY_UISupportedInterfaceOrientations_iPad = "UIInterfaceOrientationPortrait UIInterfaceOrientationPortraitUpsideDown UIInterfaceOrientationLandscapeLeft UIInterfaceOrientationLandscapeRight";
				INFOPLIST_KEY_UISupportedInterfaceOrientations_iPhone = "UIInterfaceOrientationPortrait UIInterfaceOrientationLandscapeLeft UIInterfaceOrientationLandscapeRight";
				LD_RUNPATH_SEARCH_PATHS = (
					"$(inherited)",
					"@executable_path/Frameworks",
				);
				MARKETING_VERSION = 1.0;
				PRODUCT_BUNDLE_IDENTIFIER = com.superman.DXPNetWorkingManagerLib;
				PRODUCT_NAME = "$(TARGET_NAME)";
				SWIFT_EMIT_LOC_STRINGS = YES;
				TARGETED_DEVICE_FAMILY = "1,2";
			};
			name = Release;
		};
		16CE09BA2C2800D2009C9114 /* Debug */ = {
			isa = XCBuildConfiguration;
			buildSettings = {
				BUNDLE_LOADER = "$(TEST_HOST)";
				CODE_SIGN_STYLE = Automatic;
				CURRENT_PROJECT_VERSION = 1;
				DEVELOPMENT_TEAM = J69T2LPPSN;
				GENERATE_INFOPLIST_FILE = YES;
				IPHONEOS_DEPLOYMENT_TARGET = 17.4;
				MARKETING_VERSION = 1.0;
				PRODUCT_BUNDLE_IDENTIFIER = com.superman.DXPNetWorkingManagerLibTests;
				PRODUCT_NAME = "$(TARGET_NAME)";
				SWIFT_EMIT_LOC_STRINGS = NO;
				TARGETED_DEVICE_FAMILY = "1,2";
				TEST_HOST = "$(BUILT_PRODUCTS_DIR)/DXPNetWorkingManagerLib.app/$(BUNDLE_EXECUTABLE_FOLDER_PATH)/DXPNetWorkingManagerLib";
			};
			name = Debug;
		};
		16CE09BB2C2800D2009C9114 /* Release */ = {
			isa = XCBuildConfiguration;
			buildSettings = {
				BUNDLE_LOADER = "$(TEST_HOST)";
				CODE_SIGN_STYLE = Automatic;
				CURRENT_PROJECT_VERSION = 1;
				DEVELOPMENT_TEAM = J69T2LPPSN;
				GENERATE_INFOPLIST_FILE = YES;
				IPHONEOS_DEPLOYMENT_TARGET = 17.4;
				MARKETING_VERSION = 1.0;
				PRODUCT_BUNDLE_IDENTIFIER = com.superman.DXPNetWorkingManagerLibTests;
				PRODUCT_NAME = "$(TARGET_NAME)";
				SWIFT_EMIT_LOC_STRINGS = NO;
				TARGETED_DEVICE_FAMILY = "1,2";
				TEST_HOST = "$(BUILT_PRODUCTS_DIR)/DXPNetWorkingManagerLib.app/$(BUNDLE_EXECUTABLE_FOLDER_PATH)/DXPNetWorkingManagerLib";
			};
			name = Release;
		};
		16CE09BD2C2800D2009C9114 /* Debug */ = {
			isa = XCBuildConfiguration;
			buildSettings = {
				CODE_SIGN_STYLE = Automatic;
				CURRENT_PROJECT_VERSION = 1;
				DEVELOPMENT_TEAM = J69T2LPPSN;
				GENERATE_INFOPLIST_FILE = YES;
				MARKETING_VERSION = 1.0;
				PRODUCT_BUNDLE_IDENTIFIER = com.superman.DXPNetWorkingManagerLibUITests;
				PRODUCT_NAME = "$(TARGET_NAME)";
				SWIFT_EMIT_LOC_STRINGS = NO;
				TARGETED_DEVICE_FAMILY = "1,2";
				TEST_TARGET_NAME = DXPNetWorkingManagerLib;
			};
			name = Debug;
		};
		16CE09BE2C2800D2009C9114 /* Release */ = {
			isa = XCBuildConfiguration;
			buildSettings = {
				CODE_SIGN_STYLE = Automatic;
				CURRENT_PROJECT_VERSION = 1;
				DEVELOPMENT_TEAM = J69T2LPPSN;
				GENERATE_INFOPLIST_FILE = YES;
				MARKETING_VERSION = 1.0;
				PRODUCT_BUNDLE_IDENTIFIER = com.superman.DXPNetWorkingManagerLibUITests;
				PRODUCT_NAME = "$(TARGET_NAME)";
				SWIFT_EMIT_LOC_STRINGS = NO;
				TARGETED_DEVICE_FAMILY = "1,2";
				TEST_TARGET_NAME = DXPNetWorkingManagerLib;
			};
			name = Release;
		};
/* End XCBuildConfiguration section */

/* Begin XCConfigurationList section */
		16CE09822C2800D1009C9114 /* Build configuration list for PBXProject "DXPNetWorkingManagerLib" */ = {
			isa = XCConfigurationList;
			buildConfigurations = (
				16CE09B42C2800D2009C9114 /* Debug */,
				16CE09B52C2800D2009C9114 /* Release */,
			);
			defaultConfigurationIsVisible = 0;
			defaultConfigurationName = Release;
		};
		16CE09B62C2800D2009C9114 /* Build configuration list for PBXNativeTarget "DXPNetWorkingManagerLib" */ = {
			isa = XCConfigurationList;
			buildConfigurations = (
				16CE09B72C2800D2009C9114 /* Debug */,
				16CE09B82C2800D2009C9114 /* Release */,
			);
			defaultConfigurationIsVisible = 0;
			defaultConfigurationName = Release;
		};
		16CE09B92C2800D2009C9114 /* Build configuration list for PBXNativeTarget "DXPNetWorkingManagerLibTests" */ = {
			isa = XCConfigurationList;
			buildConfigurations = (
				16CE09BA2C2800D2009C9114 /* Debug */,
				16CE09BB2C2800D2009C9114 /* Release */,
			);
			defaultConfigurationIsVisible = 0;
			defaultConfigurationName = Release;
		};
		16CE09BC2C2800D2009C9114 /* Build configuration list for PBXNativeTarget "DXPNetWorkingManagerLibUITests" */ = {
			isa = XCConfigurationList;
			buildConfigurations = (
				16CE09BD2C2800D2009C9114 /* Debug */,
				16CE09BE2C2800D2009C9114 /* Release */,
			);
			defaultConfigurationIsVisible = 0;
			defaultConfigurationName = Release;
		};
/* End XCConfigurationList section */
	};
	rootObject = 16CE097F2C2800D1009C9114 /* Project object */;
}
